# This file is automatically @generated by Poetry 2.4.1 and should not be changed by hand.

[[package]]
name = "hdrhistogram"
version = "0.10.7"
description = "High Dynamic Range histogram in native python"
optional = false
python-versions = ">=3.10"
groups = ["main"]
files = [
    {file = "hdrhistogram-0.10.7-cp310-cp310-macosx_11_0_arm64.whl", hash = "sha256:c1212f50bdacb9f310ab0e644ea524886c73ab2cbdaebe9f14cb72056a99f5c8"},
    {file = "hdrhistogram-0.10.7-cp310-cp310-manylinux1_x86_64.manylinux_2_28_x86_64.manylinux_2_5_x86_64.whl", hash = "sha256:4a1c96a83ff377bd43f8db7689ddca66638ded58ca67023f773ae2662a89786b"},
    {file = "hdrhistogram-0.10.7-cp310-cp310-musllinux_1_2_x86_64.whl", hash = "sha256:0f8b15dd55a6d028ba597583f1ed754a4e8b33f07737bcff22c4e4393c7c46a6"},
    {file = "hdrhistogram-0.10.7-cp310-cp310-win32.whl", hash = "sha256:36d7225b7097f1cc801357a9220f47d3d6289671cf52fdd82c257c1ceda57204"},
    {file = "hdrhistogram-0.10.7-cp310-cp310-win_amd64.whl", hash = "sha256:d4d9866af0bb18d1f843e1cc31373b5144136e5b4c6b41cd54fc06b69c34d792"},
    {file = "hdrhistogram-0.10.7-cp311-cp311-macosx_11_0_arm64.whl", hash = "sha256:c33bdd78cab34f4dec5158fc8f6b1287e6e14602de1abe71ed8d8be5d8ce4318"},
    {file = "hdrhistogram-0.10.7-cp311-cp311-manylinux1_x86_64.manylinux_2_28_x86_64.manylinux_2_5_x86_64.whl", hash = "sha256:13d3aac0b543f09e469b030dacc75955ae50041b8557f11ebaf8a3879a03c014"},
    {file = "hdrhistogram-0.10.7-cp311-cp311-musllinux_1_2_x86_64.whl", hash = "sha256:757cb357f82212e9c371d4a9da3f3ec60fe8271f0f69a5ee19c57971541f7c42"},
    {file = "hdrhistogram-0.10.7-cp311-cp311-win32.whl", hash = "sha256:863565fabdf17f7fb0a64366b90879cfb9e4789a7b9db1989c88e766a7e4e8d4"},
    {file = "hdrhistogram-0.10.7-cp311-cp311-win_amd64.whl", hash = "sha256:29512ce81d08125f3f485118df4ca64ac858f6ce08e15fc564eb8c10a563acf6"},
    {file = "hdrhistogram-0.10.7-cp312-cp312-macosx_11_0_arm64.whl", hash = "sha256:0026faa6e7364dda08068924271c1a9143fb99a28b4d88281df33004d24d342a"},
    {file = "hdrhistogram-0.10.7-cp312-cp312-manylinux1_x86_64.manylinux_2_28_x86_64.manylinux_2_5_x86_64.whl", hash = "sha256:7510bf1e61ce5eab2d6d3150ef2fa59e4d286f056a1e7ac83e9625e36b9161ac"},
    {file = "hdrhistogram-0.10.7-cp312-cp312-musllinux_1_2_x86_64.whl", hash = "sha256:1606c12218bc20a486e0b8433e01f71019c3e3a606f294cff0019c7e5814b834"},
    {file = "hdrhistogram-0.10.7-cp312-cp312-win32.whl", hash = "sha256:16bba4a80d90a89cb6ce783374faadc47d1f42adb1f0649428e04956353a0d12"},
    {file = "hdrhistogram-0.10.7-cp312-cp312-win_amd64.whl", hash = "sha256:a510ef75cb3e3e8f700db3b0de8e1abd569fb27d8f7cd3d15864a2add34105bf"},
    {file = "hdrhistogram-0.10.7-cp313-cp313-macosx_11_0_arm64.whl", hash = "sha256:1ff91aba2a0026ebc72b9af602537dbdc629711dc00cca738b9e7232d8772eb2"},
    {file = "hdrhistogram-0.10.7-cp313-cp313-manylinux1_x86_64.manylinux_2_28_x86_64.manylinux_2_5_x86_64.whl", hash = "sha256:02f9c64e1a229580805c9a4dc149348de8b72d76f25e2ea76b49df46911ddded"},
    {file = "hdrhistogram-0.10.7-cp313-cp313-musllinux_1_2_x86_64.whl", hash = "sha256:ec633038b161c927d8ca16bff53c89da1109200a77148ab705833883de968b0e"},
    {file = "hdrhistogram-0.10.7-cp313-cp313-win32.whl", hash = "sha256:e89342a35aadd25210da5d3ff2dc483ad773b3a83ca659a5ac5ca1534f0c823b"},
    {file = "hdrhistogram-0.10.7-cp313-cp313-win_amd64.whl", hash = "sha256:5c993e238a1e174fcb9fe3039d54167774ed1af1e817c775164072428f0cfd50"},
    {file = "hdrhistogram-0.10.7-cp314-cp314-macosx_11_0_arm64.whl", hash = "sha256:2241f3e1f7449eb3013a866b5a21e83c8bdc59c8ade447b7f7fe8494e367f6d8"},
    {file = "hdrhistogram-0.10.7-cp314-cp314-manylinux1_x86_64.manylinux_2_28_x86_64.manylinux_2_5_x86_64.whl", hash = "sha256:2757e885a767e35be97094f07acbf9a76750c556afbb25d40111b5560786887e"},
    {file = "hdrhistogram-0.10.7-cp314-cp314-musllinux_1_2_x86_64.whl", hash = "sha256:7bafdf18bcb142c0fe47c7b64ae3bd911b0593df4d04f1113a2ba88f05dd989d"},
    {file = "hdrhistogram-0.10.7-cp314-cp314-win32.whl", hash = "sha256:9c227e975480d1047debcac98458942053ac3f18862030800f6a68741dfaeb4a"},
    {file = "hdrhistogram-0.10.7-cp314-cp314-win_amd64.whl", hash = "sha256:e1aa1713caabe8677b36d1ebbe1ffa9a1b1e61cb0e230d06b01f08e96df5aafb"},
    {file = "hdrhistogram-0.10.7.tar.gz", hash = "sha256:bed4785a5e40e6260306e8e27ee3d31299263640cd7618040df88447ed57c2bd"},
]

[package.dependencies]
pbr = ">=1.4"
setuptools = ">=78.1.1"

[[package]]
name = "pbr"
version = "7.0.3"
description = "Python Build Reasonableness"
optional = false
python-versions = ">=2.6"
groups = ["main"]
files = [
    {file = "pbr-7.0.3-py2.py3-none-any.whl", hash = "sha256:ff223894eb1cd271a98076b13d3badff3bb36c424074d26334cd25aebeecea6b"},
    {file = "pbr-7.0.3.tar.gz", hash = "sha256:b46004ec30a5324672683ec848aed9e8fc500b0d261d40a3229c2d2bbfcedc29"},
]

[package.dependencies]
setuptools = "*"

[[package]]
name = "ruff"
version = "0.15.20"
description = "An extremely fast Python linter and code formatter, written in Rust."
optional = false
python-versions = ">=3.7"
groups = ["main"]
files = [
    {file = "ruff-0.15.20-py3-none-linux_armv6l.whl", hash = "sha256:00e188c53e499c3c1637f73c91dcf2fb56d576cab76ce1be50a27c4e80e37078"},
    {file = "ruff-0.15.20-py3-none-macosx_10_12_x86_64.whl", hash = "sha256:9ebd1fd9b9c95fc0bd7b2761aebec1f030013d2e193a2901b224af68fe47251b"},
    {file = "ruff-0.15.20-py3-none-macosx_11_0_arm64.whl", hash = "sha256:c5b16cdd67ca108185cd36dce98c576350c03b1660a751de725fb049193a0632"},
    {file = "ruff-0.15.20-py3-none-manylinux_2_17_aarch64.manylinux2014_aarch64.whl", hash = "sha256:3413bb3c3d2ca6a8208f1f4809cd2dca3c6de6d0b491c0e70847672bde6e6efd"},
    {file = "ruff-0.15.20-py3-none-manylinux_2_17_armv7l.manylinux2014_armv7l.whl", hash = "sha256:bd7ec42b3bb3da066488db093308a69c4ac5ee6d2af333a86ba6e2eb2e7dd44b"},
    {file = "ruff-0.15.20-py3-none-manylinux_2_17_i686.manylinux2014_i686.whl", hash = "sha256:e1a36ad0eb77fba9aabfb69ede54de6f376d04ac18ebea022847046d340a8267"},
    {file = "ruff-0.15.20-py3-none-manylinux_2_17_ppc64le.manylinux2014_ppc64le.whl", hash = "sha256:b6df3b1e4610432f0386dba04d853b5f08cbbc903410c6fcc02f620f05aff53c"},
    {file = "ruff-0.15.20-py3-none-manylinux_2_17_s390x.manylinux2014_s390x.whl", hash = "sha256:e89f198a1ea6ef0d727c1cf16088bc91a6cb0ab947dedc966715691647186eae"},
    {file = "ruff-0.15.20-py3-none-manylinux_2_17_x86_64.manylinux2014_x86_64.whl", hash = "sha256:309809086c2acb67624950a3c8133e80f32d0d3e27106c0cd60ff26657c9f24b"},
    {file = "ruff-0.15.20-py3-none-manylinux_2_31_riscv64.whl", hash = "sha256:2d2374caa2f2c2f9e2b7da0a50802cfb8b79f55a9b5e49379f564544fbf56487"},
    {file = "ruff-0.15.20-py3-none-musllinux_1_2_aarch64.whl", hash = "sha256:a1ed17b65293e0c2f22fc387bc13198a5de94bf4429589b0ff6946b0feaf21a3"},
    {file = "ruff-0.15.20-py3-none-musllinux_1_2_armv7l.whl", hash = "sha256:f701305e66b38ea6c91882490eb73459796808e4c6362a1b765255e0cdcd4053"},
    {file = "ruff-0.15.20-py3-none-musllinux_1_2_i686.whl", hash = "sha256:5b9c0c367ad8e5d0d5b5b8537864c469a0a0e55417aadfbeca41fa61333be9f4"},
    {file = "ruff-0.15.20-py3-none-musllinux_1_2_x86_64.whl", hash = "sha256:01cc00dd58f0df339d0e902219dd53990ea99996a0344e5d9cc8d45d5307e460"},
    {file = "ruff-0.15.20-py3-none-win32.whl", hash = "sha256:ed65ef510e43a137207e0f01cfcf998aeddb1aeeda5c9d35023e910284d7cf21"},
    {file = "ruff-0.15.20-py3-none-win_amd64.whl", hash = "sha256:a525c81c70fb0380344dd1d8745d8cc1c890b7fc94a58d5a07bd8eb9557b8415"},
    {file = "ruff-0.15.20-py3-none-win_arm64.whl", hash = "sha256:2f5b2a6d614e8700388806a14996c40fab2c47b819ef57d790a34878858ed9ca"},
    {file = "ruff-0.15.20.tar.gz", hash = "sha256:1416eb04349192646b54de98f146c4f59afe37d0decfc02c3cbbf396f3a28566"},
]

[[package]]
name = "setuptools"
version = "83.0.0"
description = "Most extensible Python build backend with support for C/C++ extension modules"
optional = false
python-versions = ">=3.10"
groups = ["main"]
files = [
    {file = "setuptools-83.0.0-py3-none-any.whl", hash = "sha256:29b23c360f22f414dc7336bb39178cc7bcbf6021ed2733cde173f09dba19abb3"},
    {file = "setuptools-83.0.0.tar.gz", hash = "sha256:025bccbbf0fa05b6192bc64ae1e7b16e001fd6d6d4d5de03c97b1c1ade523bef"},
]

[package.extras]
check = ["pytest-checkdocs (>=2.14)", "pytest-ruff (>=0.2.1) ; sys_platform != \"cygwin\"", "ruff (>=0.13.0) ; sys_platform != \"cygwin\""]
core = ["importlib_metadata (>=6) ; python_version < \"3.10\"", "jaraco.functools (>=4)", "jaraco.text (>=3.7)", "more_itertools", "more_itertools (>=8.8)", "packaging (>=24.2)", "tomli (>=2.0.1) ; python_version < \"3.11\"", "wheel (>=0.43.0)"]
cover = ["pytest-cov"]
doc = ["furo", "jaraco.packaging (>=9.3)", "jaraco.tidelift (>=1.4)", "pygments-github-lexers (==0.0.5)", "pyproject-hooks (!=1.1)", "rst.linker (>=1.9)", "sphinx (>=3.5)", "sphinx-favicon", "sphinx-inline-tabs", "sphinx-lint", "sphinx-notfound-page (>=1,<2)", "sphinx-reredirects", "sphinxcontrib-towncrier", "towncrier (<24.7)"]
enabler = ["pytest-enabler (>=3.4)"]
test = ["build[virtualenv] (>=1.0.3)", "filelock (>=3.4.0)", "ini2toml[lite] (>=0.14)", "jaraco.develop (>=7.21) ; python_version >= \"3.9\" and sys_platform != \"cygwin\"", "jaraco.envs (>=2.2)", "jaraco.path (>=3.7.2)", "jaraco.test (>=5.5)", "packaging (>=24.2)", "pip (>=19.1)", "pyproject-hooks (!=1.1)", "pytest (>=6,!=8.1.*)", "pytest-home (>=0.5)", "pytest-perf ; sys_platform != \"cygwin\"", "pytest-subprocess", "pytest-timeout", "pytest-xdist (>=3)", "tomli-w (>=1.0.0)", "virtualenv (>=13.0.0)", "wheel (>=0.44.0)"]
type = ["importlib_metadata (>=7.0.2) ; python_version < \"3.10\"", "jaraco.develop (>=7.21) ; sys_platform != \"cygwin\"", "mypy (==1.18.*)", "pytest-mypy (>=1.0.1) ; platform_python_implementation != \"PyPy\""]

[metadata]
lock-version = "2.1"
python-versions = ">=3.14"
content-hash = "ec4f9cf2f4f4a7daf3934ee9eb13af586265eb3ff106cee6a98e58b814d60b11"
